
Microsoft Visual Studio Solution File, Format Version 12.00
# Visual Studio Version 17
VisualStudioVersion = 17.6.33829.357
MinimumVisualStudioVersion = 10.0.40219.1
Project("{FAE04EC0-301F-11D3-BF4B-00C04F79EFBC}") = "Connected Demo", "Connected Demo.csproj", "{30497996-9388-4784-BDD8-4D302948C1A9}"
EndProject
Global
	GlobalSection(SolutionConfigurationPlatforms) = preSolution
		Debug|Any CPU = Debug|Any CPU
		Release|Any CPU = Release|Any CPU
	EndGlobalSection
	GlobalSection(ProjectConfigurationPlatforms) = postSolution
		{30497996-9388-4784-BDD8-4D302948C1A9}.Debug|Any CPU.ActiveCfg = Debug|Any CPU
		{30497996-9388-4784-BDD8-4D302948C1A9}.Debug|Any CPU.Build.0 = Debug|Any CPU
		{30497996-9388-4784-BDD8-4D302948C1A9}.Release|Any CPU.ActiveCfg = Release|Any CPU
		{30497996-9388-4784-BDD8-4D302948C1A9}.Release|Any CPU.Build.0 = Release|Any CPU
	EndGlobalSection
	GlobalSection(SolutionProperties) = preSolution
		HideSolutionNode = FALSE
	EndGlobalSection
	GlobalSection(ExtensibilityGlobals) = postSolution
		SolutionGuid = {839ED2B0-FC55-42F5-AFE9-6E3B44A023EF}
	EndGlobalSection
EndGlobal
